
Microsoft Visual Studio Solution File, Format Version 12.00
# Visual Studio Version 17
VisualStudioVersion = 17.11.35312.102
MinimumVisualStudioVersion = 10.0.40219.1
Project("{9A19103F-16F7-4668-BE54-9A1E7A4F7556}") = "GameProject1", "GameProject1.csproj", "{76BD9AD8-B260-494B-90D5-84316641FC5D}"
EndProject
Global
	GlobalSection(SolutionConfigurationPlatforms) = preSolution
		Debug|Any CPU = Debug|Any CPU
		Release|Any CPU = Release|Any CPU
	EndGlobalSection
	GlobalSection(ProjectConfigurationPlatforms) = postSolution
		{76BD9AD8-B260-494B-90D5-84316641FC5D}.Debug|Any CPU.ActiveCfg = Debug|Any CPU
		{76BD9AD8-B260-494B-90D5-84316641FC5D}.Debug|Any CPU.Build.0 = Debug|Any CPU
		{76BD9AD8-B260-494B-90D5-84316641FC5D}.Release|Any CPU.ActiveCfg = Release|Any CPU
		{76BD9AD8-B260-494B-90D5-84316641FC5D}.Release|Any CPU.Build.0 = Release|Any CPU
	EndGlobalSection
	GlobalSection(SolutionProperties) = preSolution
		HideSolutionNode = FALSE
	EndGlobalSection
	GlobalSection(ExtensibilityGlobals) = postSolution
		SolutionGuid = {EEFFF5BB-FC01-462C-8294-C31B17AB7AB3}
	EndGlobalSection
EndGlobal
